<?xml version="1.0" encoding="utf-8"?>
<Project ToolsVersion="4.0" xmlns="http://schemas.microsoft.com/developer/msbuild/2003">
  <ItemGroup>
    <Filter Include="Source Files">
      <UniqueIdentifier>{4FC737F1-C7A5-4376-A066-2A32D752A2FF}</UniqueIdentifier>
      <Extensions>cpp;c;cc;cxx;c++;cppm;ixx;def;odl;idl;hpj;bat;asm;asmx</Extensions>
    </Filter>
    <Filter Include="Header Files">
      <UniqueIdentifier>{93995380-89BD-4b04-88EB-625FBE52EBFB}</UniqueIdentifier>
      <Extensions>h;hh;hpp;hxx;h++;hm;inl;inc;ipp;xsd</Extensions>
    </Filter>
    <Filter Include="Resource Files">
      <UniqueIdentifier>{67DA6AB6-F800-4c08-8B7A-83BB121AAD01}</UniqueIdentifier>
      <Extensions>rc;ico;cur;bmp;dlg;rc2;rct;bin;rgs;gif;jpg;jpeg;jpe;resx;tiff;tif;png;wav;mfcribbon-ms</Extensions>
    </Filter>
    <Filter Include="SpaceInvaders">
      <UniqueIdentifier>{4e5a6a07-c23a-4bd1-bcef-da26b2c4ea3f}</UniqueIdentifier>
    </Filter>
    <Filter Include="SpaceInvaders\src">
      <UniqueIdentifier>{a54f4c91-1da0-4497-b66a-e4b7583bac67}</UniqueIdentifier>
    </Filter>
    <Filter Include="SpaceInvaders\include">
      <UniqueIdentifier>{4a7c431b-8415-4b0c-b7a4-b8a0d8e70c02}</UniqueIdentifier>
    </Filter>
    <Filter Include="Frogger">
      <UniqueIdentifier>{de7d296f-9059-4661-b401-d35983d287b9}</UniqueIdentifier>
    </Filter>
    <Filter Include="Frogger\src">
      <UniqueIdentifier>{50096900-7487-4913-91b1-bdb8ecba9982}</UniqueIdentifier>
    </Filter>
    <Filter Include="Frogger\include">
      <UniqueIdentifier>{c4ca6be2-8e36-4a7a-bc05-95a5bb48b3e1}</UniqueIdentifier>
    </Filter>
  </ItemGroup>
  <ItemGroup>
    <ClCompile Include="GameObject.cpp">
      <Filter>Source Files</Filter>
    </ClCompile>
    <ClCompile Include="Menu.cpp">
      <Filter>Source Files</Filter>
    </ClCompile>
    <ClCompile Include="Window.cpp">
      <Filter>Source Files</Filter>
    </ClCompile>
    <ClCompile Include="Alien.cpp">
      <Filter>SpaceInvaders\src</Filter>
    </ClCompile>
    <ClCompile Include="Barrier.cpp">
      <Filter>SpaceInvaders\src</Filter>
    </ClCompile>
    <ClCompile Include="GameSource.cpp">
      <Filter>SpaceInvaders\src</Filter>
    </ClCompile>
    <ClCompile Include="Ground.cpp">
      <Filter>SpaceInvaders\src</Filter>
    </ClCompile>
    <ClCompile Include="Main.cpp">
      <Filter>SpaceInvaders\src</Filter>
    </ClCompile>
    <ClCompile Include="Missile.cpp">
      <Filter>SpaceInvaders\src</Filter>
    </ClCompile>
    <ClCompile Include="Player.cpp">
      <Filter>SpaceInvaders\src</Filter>
    </ClCompile>
  </ItemGroup>
  <ItemGroup>
    <ClInclude Include="ScreenBuffer.h">
      <Filter>Header Files</Filter>
    </ClInclude>
    <ClInclude Include="Alien.h">
      <Filter>SpaceInvaders\include</Filter>
    </ClInclude>
    <ClInclude Include="Barrier.h">
      <Filter>SpaceInvaders\include</Filter>
    </ClInclude>
    <ClInclude Include="SI_GameSource.h">
      <Filter>SpaceInvaders\include</Filter>
    </ClInclude>
    <ClInclude Include="Ground.h">
      <Filter>SpaceInvaders\include</Filter>
    </ClInclude>
    <ClInclude Include="Missile.h">
      <Filter>SpaceInvaders\include</Filter>
    </ClInclude>
    <ClInclude Include="Player.h">
      <Filter>SpaceInvaders\include</Filter>
    </ClInclude>
    <ClInclude Include="Window.h">
      <Filter>Header Files</Filter>
    </ClInclude>
    <ClInclude Include="Menu.h">
      <Filter>Header Files</Filter>
    </ClInclude>
    <ClInclude Include="GameObject.h">
      <Filter>Header Files</Filter>
    </ClInclude>
  </ItemGroup>
</Project>